
Microsoft Visual Studio Solution File, Format Version 12.00
# Visual Studio Version 17
VisualStudioVersion = 17.7.34024.191
MinimumVisualStudioVersion = 10.0.40219.1
Project("{FAE04EC0-301F-11D3-BF4B-00C04F79EFBC}") = "Lab1_1", "Lab1_1\Lab1_1.csproj", "{6ECCCCBE-3767-45BD-BC4A-E29F06F6A13C}"
EndProject
Project("{FAE04EC0-301F-11D3-BF4B-00C04F79EFBC}") = "Lab1-2", "Lab1-2\Lab1-2.csproj", "{3D57FAB0-C723-486C-B4FF-27BC0EA963FC}"
EndProject
Project("{FAE04EC0-301F-11D3-BF4B-00C04F79EFBC}") = "Lab2_1", "Lab2_1\Lab2_1.csproj", "{1790F8B1-96EC-4348-9CEC-A1122954245B}"
EndProject
Global
	GlobalSection(SolutionConfigurationPlatforms) = preSolution
		Debug|Any CPU = Debug|Any CPU
		Release|Any CPU = Release|Any CPU
	EndGlobalSection
	GlobalSection(ProjectConfigurationPlatforms) = postSolution
		{6ECCCCBE-3767-45BD-BC4A-E29F06F6A13C}.Debug|Any CPU.ActiveCfg = Debug|Any CPU
		{6ECCCCBE-3767-45BD-BC4A-E29F06F6A13C}.Debug|Any CPU.Build.0 = Debug|Any CPU
		{6ECCCCBE-3767-45BD-BC4A-E29F06F6A13C}.Release|Any CPU.ActiveCfg = Release|Any CPU
		{6ECCCCBE-3767-45BD-BC4A-E29F06F6A13C}.Release|Any CPU.Build.0 = Release|Any CPU
		{3D57FAB0-C723-486C-B4FF-27BC0EA963FC}.Debug|Any CPU.ActiveCfg = Debug|Any CPU
		{3D57FAB0-C723-486C-B4FF-27BC0EA963FC}.Debug|Any CPU.Build.0 = Debug|Any CPU
		{3D57FAB0-C723-486C-B4FF-27BC0EA963FC}.Release|Any CPU.ActiveCfg = Release|Any CPU
		{3D57FAB0-C723-486C-B4FF-27BC0EA963FC}.Release|Any CPU.Build.0 = Release|Any CPU
		{1790F8B1-96EC-4348-9CEC-A1122954245B}.Debug|Any CPU.ActiveCfg = Debug|Any CPU
		{1790F8B1-96EC-4348-9CEC-A1122954245B}.Debug|Any CPU.Build.0 = Debug|Any CPU
		{1790F8B1-96EC-4348-9CEC-A1122954245B}.Release|Any CPU.ActiveCfg = Release|Any CPU
		{1790F8B1-96EC-4348-9CEC-A1122954245B}.Release|Any CPU.Build.0 = Release|Any CPU
	EndGlobalSection
	GlobalSection(SolutionProperties) = preSolution
		HideSolutionNode = FALSE
	EndGlobalSection
	GlobalSection(ExtensibilityGlobals) = postSolution
		SolutionGuid = {12FC1468-D830-4603-B850-E8ECE8EA41DE}
	EndGlobalSection
EndGlobal
