
Microsoft Visual Studio Solution File, Format Version 12.00
# Visual Studio Version 17
VisualStudioVersion = 17.7.34031.279
MinimumVisualStudioVersion = 10.0.40219.1
Project("{FAE04EC0-301F-11D3-BF4B-00C04F79EFBC}") = "Lab2_1", "Lab2_1\Lab2_1.csproj", "{A463261A-DF40-49D9-A848-846FDB06BDA8}"
EndProject
Global
	GlobalSection(SolutionConfigurationPlatforms) = preSolution
		Debug|Any CPU = Debug|Any CPU
		Release|Any CPU = Release|Any CPU
	EndGlobalSection
	GlobalSection(ProjectConfigurationPlatforms) = postSolution
		{A463261A-DF40-49D9-A848-846FDB06BDA8}.Debug|Any CPU.ActiveCfg = Debug|Any CPU
		{A463261A-DF40-49D9-A848-846FDB06BDA8}.Debug|Any CPU.Build.0 = Debug|Any CPU
		{A463261A-DF40-49D9-A848-846FDB06BDA8}.Release|Any CPU.ActiveCfg = Release|Any CPU
		{A463261A-DF40-49D9-A848-846FDB06BDA8}.Release|Any CPU.Build.0 = Release|Any CPU
	EndGlobalSection
	GlobalSection(SolutionProperties) = preSolution
		HideSolutionNode = FALSE
	EndGlobalSection
	GlobalSection(ExtensibilityGlobals) = postSolution
		SolutionGuid = {7A93695E-E9F4-4951-B389-0C91299CC900}
	EndGlobalSection
EndGlobal
