
Microsoft Visual Studio Solution File, Format Version 12.00
# Visual Studio Version 17
VisualStudioVersion = 17.7.34031.279
MinimumVisualStudioVersion = 10.0.40219.1
Project("{FAE04EC0-301F-11D3-BF4B-00C04F79EFBC}") = "Lab2_1", "Lab2_1\Lab2_1.csproj", "{127402DF-E145-4615-B8D7-F7574B225F85}"
EndProject
Project("{FAE04EC0-301F-11D3-BF4B-00C04F79EFBC}") = "Lab2_2", "..\Lab2_2\Lab2_2.csproj", "{2A7DED25-B874-4FB9-92A3-9AE26C6ACA51}"
EndProject
Global
	GlobalSection(SolutionConfigurationPlatforms) = preSolution
		Debug|Any CPU = Debug|Any CPU
		Release|Any CPU = Release|Any CPU
	EndGlobalSection
	GlobalSection(ProjectConfigurationPlatforms) = postSolution
		{127402DF-E145-4615-B8D7-F7574B225F85}.Debug|Any CPU.ActiveCfg = Debug|Any CPU
		{127402DF-E145-4615-B8D7-F7574B225F85}.Debug|Any CPU.Build.0 = Debug|Any CPU
		{127402DF-E145-4615-B8D7-F7574B225F85}.Release|Any CPU.ActiveCfg = Release|Any CPU
		{127402DF-E145-4615-B8D7-F7574B225F85}.Release|Any CPU.Build.0 = Release|Any CPU
		{2A7DED25-B874-4FB9-92A3-9AE26C6ACA51}.Debug|Any CPU.ActiveCfg = Debug|Any CPU
		{2A7DED25-B874-4FB9-92A3-9AE26C6ACA51}.Debug|Any CPU.Build.0 = Debug|Any CPU
		{2A7DED25-B874-4FB9-92A3-9AE26C6ACA51}.Release|Any CPU.ActiveCfg = Release|Any CPU
		{2A7DED25-B874-4FB9-92A3-9AE26C6ACA51}.Release|Any CPU.Build.0 = Release|Any CPU
	EndGlobalSection
	GlobalSection(SolutionProperties) = preSolution
		HideSolutionNode = FALSE
	EndGlobalSection
	GlobalSection(ExtensibilityGlobals) = postSolution
		SolutionGuid = {FB7FB157-AC26-4A5A-A5C9-7D3BC9C51181}
	EndGlobalSection
EndGlobal
